
Microsoft Visual Studio Solution File, Format Version 12.00
# Visual Studio 15
VisualStudioVersion = 15.0.27130.2036
MinimumVisualStudioVersion = 10.0.40219.1
Project("{FAE04EC0-301F-11D3-BF4B-00C04F79EFBC}") = "GZipTest", "GZipTest\GZipTest.csproj", "{C7452CAD-95DA-4D36-99C3-6BB21F5954D8}"
EndProject
Global
	GlobalSection(SolutionConfigurationPlatforms) = preSolution
		Debug|Any CPU = Debug|Any CPU
		Release|Any CPU = Release|Any CPU
	EndGlobalSection
	GlobalSection(ProjectConfigurationPlatforms) = postSolution
		{C7452CAD-95DA-4D36-99C3-6BB21F5954D8}.Debug|Any CPU.ActiveCfg = Debug|Any CPU
		{C7452CAD-95DA-4D36-99C3-6BB21F5954D8}.Debug|Any CPU.Build.0 = Debug|Any CPU
		{C7452CAD-95DA-4D36-99C3-6BB21F5954D8}.Release|Any CPU.ActiveCfg = Release|Any CPU
		{C7452CAD-95DA-4D36-99C3-6BB21F5954D8}.Release|Any CPU.Build.0 = Release|Any CPU
	EndGlobalSection
	GlobalSection(SolutionProperties) = preSolution
		HideSolutionNode = FALSE
	EndGlobalSection
	GlobalSection(ExtensibilityGlobals) = postSolution
		SolutionGuid = {87FD5AB5-1429-49D9-8364-A088C51527AD}
	EndGlobalSection
EndGlobal
